// !$*UTF8*$!
{
	archiveVersion = 1;
	classes = {
	};
	objectVersion = 46;
	objects = {

/* Begin PBXBuildFile section */
		AC1C2A461B536F04001688C2 /* AppDelegate.swift in Sources */ = {isa = PBXBuildFile; fileRef = AC1C2A451B536F04001688C2 /* AppDelegate.swift */; };
		AC1C2A4D1B536F04001688C2 /* Images.xcassets in Resources */ = {isa = PBXBuildFile; fileRef = AC1C2A4C1B536F04001688C2 /* Images.xcassets */; };
		AC1C2A501B536F04001688C2 /* LaunchScreen.xib in Resources */ = {isa = PBXBuildFile; fileRef = AC1C2A4E1B536F04001688C2 /* LaunchScreen.xib */; };
		AC1C2A5C1B536F04001688C2 /* LearnJPTests.swift in Sources */ = {isa = PBXBuildFile; fileRef = AC1C2A5B1B536F04001688C2 /* LearnJPTests.swift */; };
		AC1C2A6D1B537015001688C2 /* HomeVC.swift in Sources */ = {isa = PBXBuildFile; fileRef = AC1C2A6B1B537015001688C2 /* HomeVC.swift */; };
		AC1C2A6E1B537015001688C2 /* HomeVC.xib in Resources */ = {isa = PBXBuildFile; fileRef = AC1C2A6C1B537015001688C2 /* HomeVC.xib */; };
		AC1C2A861B5370AC001688C2 /* SlideNavigationContorllerAnimatorFade.m in Sources */ = {isa = PBXBuildFile; fileRef = AC1C2A781B5370AC001688C2 /* SlideNavigationContorllerAnimatorFade.m */; };
		AC1C2A871B5370AC001688C2 /* SlideNavigationContorllerAnimatorScale.m in Sources */ = {isa = PBXBuildFile; fileRef = AC1C2A7A1B5370AC001688C2 /* SlideNavigationContorllerAnimatorScale.m */; };
		AC1C2A881B5370AC001688C2 /* SlideNavigationContorllerAnimatorScaleAndFade.m in Sources */ = {isa = PBXBuildFile; fileRef = AC1C2A7C1B5370AC001688C2 /* SlideNavigationContorllerAnimatorScaleAndFade.m */; };
		AC1C2A891B5370AC001688C2 /* SlideNavigationContorllerAnimatorSlide.m in Sources */ = {isa = PBXBuildFile; fileRef = AC1C2A7E1B5370AC001688C2 /* SlideNavigationContorllerAnimatorSlide.m */; };
		AC1C2A8A1B5370AC001688C2 /* SlideNavigationContorllerAnimatorSlideAndFade.m in Sources */ = {isa = PBXBuildFile; fileRef = AC1C2A801B5370AC001688C2 /* SlideNavigationContorllerAnimatorSlideAndFade.m */; };
		AC1C2A8B1B5370AC001688C2 /* menu-button.png in Resources */ = {isa = PBXBuildFile; fileRef = AC1C2A821B5370AC001688C2 /* menu-button.png */; };
		AC1C2A8C1B5370AC001688C2 /* menu-button@2x.png in Resources */ = {isa = PBXBuildFile; fileRef = AC1C2A831B5370AC001688C2 /* menu-button@2x.png */; };
		AC1C2A8D1B5370AC001688C2 /* SlideNavigationController.m in Sources */ = {isa = PBXBuildFile; fileRef = AC1C2A851B5370AC001688C2 /* SlideNavigationController.m */; };
		AC1C2A961B537197001688C2 /* gear.png in Resources */ = {isa = PBXBuildFile; fileRef = AC1C2A911B537197001688C2 /* gear.png */; };
		AC1C2A971B537197001688C2 /* animation.png in Resources */ = {isa = PBXBuildFile; fileRef = AC1C2A931B537197001688C2 /* animation.png */; };
		AC1C2A981B537197001688C2 /* leftMenu.jpg in Resources */ = {isa = PBXBuildFile; fileRef = AC1C2A941B537197001688C2 /* leftMenu.jpg */; };
		AC1C2A991B537197001688C2 /* rightMenu.jpg in Resources */ = {isa = PBXBuildFile; fileRef = AC1C2A951B537197001688C2 /* rightMenu.jpg */; };
		AC1C2AA61B53A8E8001688C2 /* MenuVC.swift in Sources */ = {isa = PBXBuildFile; fileRef = AC1C2AA41B53A8E8001688C2 /* MenuVC.swift */; };
		AC1C2AA71B53A8E8001688C2 /* MenuVC.xib in Resources */ = {isa = PBXBuildFile; fileRef = AC1C2AA51B53A8E8001688C2 /* MenuVC.xib */; };
/* End PBXBuildFile section */

/* Begin PBXContainerItemProxy section */
		AC1C2A561B536F04001688C2 /* PBXContainerItemProxy */ = {
			isa = PBXContainerItemProxy;
			containerPortal = AC1C2A381B536F04001688C2 /* Project object */;
			proxyType = 1;
			remoteGlobalIDString = AC1C2A3F1B536F04001688C2;
			remoteInfo = LearnJP;
		};
/* End PBXContainerItemProxy section */

/* Begin PBXFileReference section */
		AC1C2A401B536F04001688C2 /* LearnJP.app */ = {isa = PBXFileReference; explicitFileType = wrapper.application; includeInIndex = 0; path = LearnJP.app; sourceTree = BUILT_PRODUCTS_DIR; };
		AC1C2A441B536F04001688C2 /* Info.plist */ = {isa = PBXFileReference; lastKnownFileType = text.plist.xml; path = Info.plist; sourceTree = "<group>"; };
		AC1C2A451B536F04001688C2 /* AppDelegate.swift */ = {isa = PBXFileReference; lastKnownFileType = sourcecode.swift; name = AppDelegate.swift; path = LearnJP/AppDelegate.swift; sourceTree = "<group>"; };
		AC1C2A4C1B536F04001688C2 /* Images.xcassets */ = {isa = PBXFileReference; lastKnownFileType = folder.assetcatalog; path = Images.xcassets; sourceTree = "<group>"; };
		AC1C2A4F1B536F04001688C2 /* Base */ = {isa = PBXFileReference; lastKnownFileType = file.xib; name = Base; path = Base.lproj/LaunchScreen.xib; sourceTree = "<group>"; };
		AC1C2A551B536F04001688C2 /* LearnJPTests.xctest */ = {isa = PBXFileReference; explicitFileType = wrapper.cfbundle; includeInIndex = 0; path = LearnJPTests.xctest; sourceTree = BUILT_PRODUCTS_DIR; };
		AC1C2A5A1B536F04001688C2 /* Info.plist */ = {isa = PBXFileReference; lastKnownFileType = text.plist.xml; path = Info.plist; sourceTree = "<group>"; };
		AC1C2A5B1B536F04001688C2 /* LearnJPTests.swift */ = {isa = PBXFileReference; lastKnownFileType = sourcecode.swift; path = LearnJPTests.swift; sourceTree = "<group>"; };
		AC1C2A6B1B537015001688C2 /* HomeVC.swift */ = {isa = PBXFileReference; fileEncoding = 4; lastKnownFileType = sourcecode.swift; path = HomeVC.swift; sourceTree = "<group>"; };
		AC1C2A6C1B537015001688C2 /* HomeVC.xib */ = {isa = PBXFileReference; fileEncoding = 4; lastKnownFileType = file.xib; path = HomeVC.xib; sourceTree = "<group>"; };
		AC1C2A761B5370AC001688C2 /* SlideNavigationContorllerAnimator.h */ = {isa = PBXFileReference; fileEncoding = 4; lastKnownFileType = sourcecode.c.h; path = SlideNavigationContorllerAnimator.h; sourceTree = "<group>"; };
		AC1C2A771B5370AC001688C2 /* SlideNavigationContorllerAnimatorFade.h */ = {isa = PBXFileReference; fileEncoding = 4; lastKnownFileType = sourcecode.c.h; path = SlideNavigationContorllerAnimatorFade.h; sourceTree = "<group>"; };
		AC1C2A781B5370AC001688C2 /* SlideNavigationContorllerAnimatorFade.m */ = {isa = PBXFileReference; fileEncoding = 4; lastKnownFileType = sourcecode.c.objc; path = SlideNavigationContorllerAnimatorFade.m; sourceTree = "<group>"; };
		AC1C2A791B5370AC001688C2 /* SlideNavigationContorllerAnimatorScale.h */ = {isa = PBXFileReference; fileEncoding = 4; lastKnownFileType = sourcecode.c.h; path = SlideNavigationContorllerAnimatorScale.h; sourceTree = "<group>"; };
		AC1C2A7A1B5370AC001688C2 /* SlideNavigationContorllerAnimatorScale.m */ = {isa = PBXFileReference; fileEncoding = 4; lastKnownFileType = sourcecode.c.objc; path = SlideNavigationContorllerAnimatorScale.m; sourceTree = "<group>"; };
		AC1C2A7B1B5370AC001688C2 /* SlideNavigationContorllerAnimatorScaleAndFade.h */ = {isa = PBXFileReference; fileEncoding = 4; lastKnownFileType = sourcecode.c.h; path = SlideNavigationContorllerAnimatorScaleAndFade.h; sourceTree = "<group>"; };
		AC1C2A7C1B5370AC001688C2 /* SlideNavigationContorllerAnimatorScaleAndFade.m */ = {isa = PBXFileReference; fileEncoding = 4; lastKnownFileType = sourcecode.c.objc; path = SlideNavigationContorllerAnimatorScaleAndFade.m; sourceTree = "<group>"; };
		AC1C2A7D1B5370AC001688C2 /* SlideNavigationContorllerAnimatorSlide.h */ = {isa = PBXFileReference; fileEncoding = 4; lastKnownFileType = sourcecode.c.h; path = SlideNavigationContorllerAnimatorSlide.h; sourceTree = "<group>"; };
		AC1C2A7E1B5370AC001688C2 /* SlideNavigationContorllerAnimatorSlide.m */ = {isa = PBXFileReference; fileEncoding = 4; lastKnownFileType = sourcecode.c.objc; path = SlideNavigationContorllerAnimatorSlide.m; sourceTree = "<group>"; };
		AC1C2A7F1B5370AC001688C2 /* SlideNavigationContorllerAnimatorSlideAndFade.h */ = {isa = PBXFileReference; fileEncoding = 4; lastKnownFileType = sourcecode.c.h; path = SlideNavigationContorllerAnimatorSlideAndFade.h; sourceTree = "<group>"; };
		AC1C2A801B5370AC001688C2 /* SlideNavigationContorllerAnimatorSlideAndFade.m */ = {isa = PBXFileReference; fileEncoding = 4; lastKnownFileType = sourcecode.c.objc; path = SlideNavigationContorllerAnimatorSlideAndFade.m; sourceTree = "<group>"; };
		AC1C2A821B5370AC001688C2 /* menu-button.png */ = {isa = PBXFileReference; lastKnownFileType = image.png; path = "menu-button.png"; sourceTree = "<group>"; };
		AC1C2A831B5370AC001688C2 /* menu-button@2x.png */ = {isa = PBXFileReference; lastKnownFileType = image.png; path = "menu-button@2x.png"; sourceTree = "<group>"; };
		AC1C2A841B5370AC001688C2 /* SlideNavigationController.h */ = {isa = PBXFileReference; fileEncoding = 4; lastKnownFileType = sourcecode.c.h; path = SlideNavigationController.h; sourceTree = "<group>"; };
		AC1C2A851B5370AC001688C2 /* SlideNavigationController.m */ = {isa = PBXFileReference; fileEncoding = 4; lastKnownFileType = sourcecode.c.objc; path = SlideNavigationController.m; sourceTree = "<group>"; };
		AC1C2A911B537197001688C2 /* gear.png */ = {isa = PBXFileReference; lastKnownFileType = image.png; path = gear.png; sourceTree = "<group>"; };
		AC1C2A931B537197001688C2 /* animation.png */ = {isa = PBXFileReference; lastKnownFileType = image.png; path = animation.png; sourceTree = "<group>"; };
		AC1C2A941B537197001688C2 /* leftMenu.jpg */ = {isa = PBXFileReference; lastKnownFileType = image.jpeg; path = leftMenu.jpg; sourceTree = "<group>"; };
		AC1C2A951B537197001688C2 /* rightMenu.jpg */ = {isa = PBXFileReference; lastKnownFileType = image.jpeg; path = rightMenu.jpg; sourceTree = "<group>"; };
		AC1C2AA31B539A56001688C2 /* LearnJP-Bridging-Header.h */ = {isa = PBXFileReference; fileEncoding = 4; lastKnownFileType = sourcecode.c.h; name = "LearnJP-Bridging-Header.h"; path = "LearnJP/LearnJP-Bridging-Header.h"; sourceTree = "<group>"; };
		AC1C2AA41B53A8E8001688C2 /* MenuVC.swift */ = {isa = PBXFileReference; fileEncoding = 4; lastKnownFileType = sourcecode.swift; path = MenuVC.swift; sourceTree = "<group>"; };
		AC1C2AA51B53A8E8001688C2 /* MenuVC.xib */ = {isa = PBXFileReference; fileEncoding = 4; lastKnownFileType = file.xib; path = MenuVC.xib; sourceTree = "<group>"; };
/* End PBXFileReference section */

/* Begin PBXFrameworksBuildPhase section */
		AC1C2A3D1B536F04001688C2 /* Frameworks */ = {
			isa = PBXFrameworksBuildPhase;
			buildActionMask = 2147483647;
			files = (
			);
			runOnlyForDeploymentPostprocessing = 0;
		};
		AC1C2A521B536F04001688C2 /* Frameworks */ = {
			isa = PBXFrameworksBuildPhase;
			buildActionMask = 2147483647;
			files = (
			);
			runOnlyForDeploymentPostprocessing = 0;
		};
/* End PBXFrameworksBuildPhase section */

/* Begin PBXGroup section */
		AC1C2A371B536F04001688C2 = {
			isa = PBXGroup;
			children = (
				AC1C2A451B536F04001688C2 /* AppDelegate.swift */,
				AC1C2AA31B539A56001688C2 /* LearnJP-Bridging-Header.h */,
				AC1C2A421B536F04001688C2 /* LearnJP */,
				AC1C2A581B536F04001688C2 /* LearnJPTests */,
				AC1C2A411B536F04001688C2 /* Products */,
			);
			sourceTree = "<group>";
		};
		AC1C2A411B536F04001688C2 /* Products */ = {
			isa = PBXGroup;
			children = (
				AC1C2A401B536F04001688C2 /* LearnJP.app */,
				AC1C2A551B536F04001688C2 /* LearnJPTests.xctest */,
			);
			name = Products;
			sourceTree = "<group>";
		};
		AC1C2A421B536F04001688C2 /* LearnJP */ = {
			isa = PBXGroup;
			children = (
				AC1C2A651B536FE4001688C2 /* Classes */,
				AC1C2A8F1B537197001688C2 /* Resources */,
				AC1C2A4C1B536F04001688C2 /* Images.xcassets */,
				AC1C2A4E1B536F04001688C2 /* LaunchScreen.xib */,
				AC1C2A431B536F04001688C2 /* Supporting Files */,
			);
			path = LearnJP;
			sourceTree = "<group>";
		};
		AC1C2A431B536F04001688C2 /* Supporting Files */ = {
			isa = PBXGroup;
			children = (
				AC1C2A441B536F04001688C2 /* Info.plist */,
			);
			name = "Supporting Files";
			sourceTree = "<group>";
		};
		AC1C2A581B536F04001688C2 /* LearnJPTests */ = {
			isa = PBXGroup;
			children = (
				AC1C2A5B1B536F04001688C2 /* LearnJPTests.swift */,
				AC1C2A591B536F04001688C2 /* Supporting Files */,
			);
			path = LearnJPTests;
			sourceTree = "<group>";
		};
		AC1C2A591B536F04001688C2 /* Supporting Files */ = {
			isa = PBXGroup;
			children = (
				AC1C2A5A1B536F04001688C2 /* Info.plist */,
			);
			name = "Supporting Files";
			sourceTree = "<group>";
		};
		AC1C2A651B536FE4001688C2 /* Classes */ = {
			isa = PBXGroup;
			children = (
				AC1C2A681B536FE4001688C2 /* ViewControllers */,
				AC1C2A661B536FE4001688C2 /* CoreData */,
				AC1C2A671B536FE4001688C2 /* Libraries */,
				AC1C2A691B536FE4001688C2 /* Views */,
				AC1C2A8E1B5370C8001688C2 /* Webservices */,
			);
			path = Classes;
			sourceTree = "<group>";
		};
		AC1C2A661B536FE4001688C2 /* CoreData */ = {
			isa = PBXGroup;
			children = (
			);
			path = CoreData;
			sourceTree = "<group>";
		};
		AC1C2A671B536FE4001688C2 /* Libraries */ = {
			isa = PBXGroup;
			children = (
				AC1C2A741B5370AC001688C2 /* SlideNavigationController */,
			);
			path = Libraries;
			sourceTree = "<group>";
		};
		AC1C2A681B536FE4001688C2 /* ViewControllers */ = {
			isa = PBXGroup;
			children = (
				AC1C2A6A1B536FF4001688C2 /* HomeVC */,
				AC1C2A6F1B537074001688C2 /* MenuVC */,
			);
			path = ViewControllers;
			sourceTree = "<group>";
		};
		AC1C2A691B536FE4001688C2 /* Views */ = {
			isa = PBXGroup;
			children = (
			);
			path = Views;
			sourceTree = "<group>";
		};
		AC1C2A6A1B536FF4001688C2 /* HomeVC */ = {
			isa = PBXGroup;
			children = (
				AC1C2A6B1B537015001688C2 /* HomeVC.swift */,
				AC1C2A6C1B537015001688C2 /* HomeVC.xib */,
			);
			path = HomeVC;
			sourceTree = "<group>";
		};
		AC1C2A6F1B537074001688C2 /* MenuVC */ = {
			isa = PBXGroup;
			children = (
				AC1C2AA41B53A8E8001688C2 /* MenuVC.swift */,
				AC1C2AA51B53A8E8001688C2 /* MenuVC.xib */,
			);
			path = MenuVC;
			sourceTree = "<group>";
		};
		AC1C2A741B5370AC001688C2 /* SlideNavigationController */ = {
			isa = PBXGroup;
			children = (
				AC1C2A751B5370AC001688C2 /* Animations */,
				AC1C2A811B5370AC001688C2 /* Assets */,
				AC1C2A841B5370AC001688C2 /* SlideNavigationController.h */,
				AC1C2A851B5370AC001688C2 /* SlideNavigationController.m */,
			);
			path = SlideNavigationController;
			sourceTree = "<group>";
		};
		AC1C2A751B5370AC001688C2 /* Animations */ = {
			isa = PBXGroup;
			children = (
				AC1C2A761B5370AC001688C2 /* SlideNavigationContorllerAnimator.h */,
				AC1C2A771B5370AC001688C2 /* SlideNavigationContorllerAnimatorFade.h */,
				AC1C2A781B5370AC001688C2 /* SlideNavigationContorllerAnimatorFade.m */,
				AC1C2A791B5370AC001688C2 /* SlideNavigationContorllerAnimatorScale.h */,
				AC1C2A7A1B5370AC001688C2 /* SlideNavigationContorllerAnimatorScale.m */,
				AC1C2A7B1B5370AC001688C2 /* SlideNavigationContorllerAnimatorScaleAndFade.h */,
				AC1C2A7C1B5370AC001688C2 /* SlideNavigationContorllerAnimatorScaleAndFade.m */,
				AC1C2A7D1B5370AC001688C2 /* SlideNavigationContorllerAnimatorSlide.h */,
				AC1C2A7E1B5370AC001688C2 /* SlideNavigationContorllerAnimatorSlide.m */,
				AC1C2A7F1B5370AC001688C2 /* SlideNavigationContorllerAnimatorSlideAndFade.h */,
				AC1C2A801B5370AC001688C2 /* SlideNavigationContorllerAnimatorSlideAndFade.m */,
			);
			path = Animations;
			sourceTree = "<group>";
		};
		AC1C2A811B5370AC001688C2 /* Assets */ = {
			isa = PBXGroup;
			children = (
				AC1C2A821B5370AC001688C2 /* menu-button.png */,
				AC1C2A831B5370AC001688C2 /* menu-button@2x.png */,
			);
			path = Assets;
			sourceTree = "<group>";
		};
		AC1C2A8E1B5370C8001688C2 /* Webservices */ = {
			isa = PBXGroup;
			children = (
			);
			path = Webservices;
			sourceTree = "<group>";
		};
		AC1C2A8F1B537197001688C2 /* Resources */ = {
			isa = PBXGroup;
			children = (
				AC1C2A901B537197001688C2 /* Icons */,
				AC1C2A921B537197001688C2 /* Images */,
			);
			path = Resources;
			sourceTree = "<group>";
		};
		AC1C2A901B537197001688C2 /* Icons */ = {
			isa = PBXGroup;
			children = (
				AC1C2A911B537197001688C2 /* gear.png */,
			);
			path = Icons;
			sourceTree = "<group>";
		};
		AC1C2A921B537197001688C2 /* Images */ = {
			isa = PBXGroup;
			children = (
				AC1C2A931B537197001688C2 /* animation.png */,
				AC1C2A941B537197001688C2 /* leftMenu.jpg */,
				AC1C2A951B537197001688C2 /* rightMenu.jpg */,
			);
			path = Images;
			sourceTree = "<group>";
		};
/* End PBXGroup section */

/* Begin PBXNativeTarget section */
		AC1C2A3F1B536F04001688C2 /* LearnJP */ = {
			isa = PBXNativeTarget;
			buildConfigurationList = AC1C2A5F1B536F04001688C2 /* Build configuration list for PBXNativeTarget "LearnJP" */;
			buildPhases = (
				AC1C2A3C1B536F04001688C2 /* Sources */,
				AC1C2A3D1B536F04001688C2 /* Frameworks */,
				AC1C2A3E1B536F04001688C2 /* Resources */,
			);
			buildRules = (
			);
			dependencies = (
			);
			name = LearnJP;
			productName = LearnJP;
			productReference = AC1C2A401B536F04001688C2 /* LearnJP.app */;
			productType = "com.apple.product-type.application";
		};
		AC1C2A541B536F04001688C2 /* LearnJPTests */ = {
			isa = PBXNativeTarget;
			buildConfigurationList = AC1C2A621B536F04001688C2 /* Build configuration list for PBXNativeTarget "LearnJPTests" */;
			buildPhases = (
				AC1C2A511B536F04001688C2 /* Sources */,
				AC1C2A521B536F04001688C2 /* Frameworks */,
				AC1C2A531B536F04001688C2 /* Resources */,
			);
			buildRules = (
			);
			dependencies = (
				AC1C2A571B536F04001688C2 /* PBXTargetDependency */,
			);
			name = LearnJPTests;
			productName = LearnJPTests;
			productReference = AC1C2A551B536F04001688C2 /* LearnJPTests.xctest */;
			productType = "com.apple.product-type.bundle.unit-test";
		};
/* End PBXNativeTarget section */

/* Begin PBXProject section */
		AC1C2A381B536F04001688C2 /* Project object */ = {
			isa = PBXProject;
			attributes = {
				LastUpgradeCheck = 0640;
				ORGANIZATIONNAME = Truong15;
				TargetAttributes = {
					AC1C2A3F1B536F04001688C2 = {
						CreatedOnToolsVersion = 6.4;
					};
					AC1C2A541B536F04001688C2 = {
						CreatedOnToolsVersion = 6.4;
						TestTargetID = AC1C2A3F1B536F04001688C2;
					};
				};
			};
			buildConfigurationList = AC1C2A3B1B536F04001688C2 /* Build configuration list for PBXProject "LearnJP" */;
			compatibilityVersion = "Xcode 3.2";
			developmentRegion = English;
			hasScannedForEncodings = 0;
			knownRegions = (
				en,
				Base,
			);
			mainGroup = AC1C2A371B536F04001688C2;
			productRefGroup = AC1C2A411B536F04001688C2 /* Products */;
			projectDirPath = "";
			projectRoot = "";
			targets = (
				AC1C2A3F1B536F04001688C2 /* LearnJP */,
				AC1C2A541B536F04001688C2 /* LearnJPTests */,
			);
		};
/* End PBXProject section */

/* Begin PBXResourcesBuildPhase section */
		AC1C2A3E1B536F04001688C2 /* Resources */ = {
			isa = PBXResourcesBuildPhase;
			buildActionMask = 2147483647;
			files = (
				AC1C2A971B537197001688C2 /* animation.png in Resources */,
				AC1C2A501B536F04001688C2 /* LaunchScreen.xib in Resources */,
				AC1C2A961B537197001688C2 /* gear.png in Resources */,
				AC1C2A981B537197001688C2 /* leftMenu.jpg in Resources */,
				AC1C2A8B1B5370AC001688C2 /* menu-button.png in Resources */,
				AC1C2A991B537197001688C2 /* rightMenu.jpg in Resources */,
				AC1C2AA71B53A8E8001688C2 /* MenuVC.xib in Resources */,
				AC1C2A6E1B537015001688C2 /* HomeVC.xib in Resources */,
				AC1C2A4D1B536F04001688C2 /* Images.xcassets in Resources */,
				AC1C2A8C1B5370AC001688C2 /* menu-button@2x.png in Resources */,
			);
			runOnlyForDeploymentPostprocessing = 0;
		};
		AC1C2A531B536F04001688C2 /* Resources */ = {
			isa = PBXResourcesBuildPhase;
			buildActionMask = 2147483647;
			files = (
			);
			runOnlyForDeploymentPostprocessing = 0;
		};
/* End PBXResourcesBuildPhase section */

/* Begin PBXSourcesBuildPhase section */
		AC1C2A3C1B536F04001688C2 /* Sources */ = {
			isa = PBXSourcesBuildPhase;
			buildActionMask = 2147483647;
			files = (
				AC1C2A8D1B5370AC001688C2 /* SlideNavigationController.m in Sources */,
				AC1C2A871B5370AC001688C2 /* SlideNavigationContorllerAnimatorScale.m in Sources */,
				AC1C2A881B5370AC001688C2 /* SlideNavigationContorllerAnimatorScaleAndFade.m in Sources */,
				AC1C2A461B536F04001688C2 /* AppDelegate.swift in Sources */,
				AC1C2A6D1B537015001688C2 /* HomeVC.swift in Sources */,
				AC1C2A861B5370AC001688C2 /* SlideNavigationContorllerAnimatorFade.m in Sources */,
				AC1C2A8A1B5370AC001688C2 /* SlideNavigationContorllerAnimatorSlideAndFade.m in Sources */,
				AC1C2A891B5370AC001688C2 /* SlideNavigationContorllerAnimatorSlide.m in Sources */,
				AC1C2AA61B53A8E8001688C2 /* MenuVC.swift in Sources */,
			);
			runOnlyForDeploymentPostprocessing = 0;
		};
		AC1C2A511B536F04001688C2 /* Sources */ = {
			isa = PBXSourcesBuildPhase;
			buildActionMask = 2147483647;
			files = (
				AC1C2A5C1B536F04001688C2 /* LearnJPTests.swift in Sources */,
			);
			runOnlyForDeploymentPostprocessing = 0;
		};
/* End PBXSourcesBuildPhase section */

/* Begin PBXTargetDependency section */
		AC1C2A571B536F04001688C2 /* PBXTargetDependency */ = {
			isa = PBXTargetDependency;
			target = AC1C2A3F1B536F04001688C2 /* LearnJP */;
			targetProxy = AC1C2A561B536F04001688C2 /* PBXContainerItemProxy */;
		};
/* End PBXTargetDependency section */

/* Begin PBXVariantGroup section */
		AC1C2A4E1B536F04001688C2 /* LaunchScreen.xib */ = {
			isa = PBXVariantGroup;
			children = (
				AC1C2A4F1B536F04001688C2 /* Base */,
			);
			name = LaunchScreen.xib;
			sourceTree = "<group>";
		};
/* End PBXVariantGroup section */

/* Begin XCBuildConfiguration section */
		AC1C2A5D1B536F04001688C2 /* Debug */ = {
			isa = XCBuildConfiguration;
			buildSettings = {
				ALWAYS_SEARCH_USER_PATHS = NO;
				CLANG_CXX_LANGUAGE_STANDARD = "gnu++0x";
				CLANG_CXX_LIBRARY = "libc++";
				CLANG_ENABLE_MODULES = YES;
				CLANG_ENABLE_OBJC_ARC = YES;
				CLANG_WARN_BOOL_CONVERSION = YES;
				CLANG_WARN_CONSTANT_CONVERSION = YES;
				CLANG_WARN_DIRECT_OBJC_ISA_USAGE = YES_ERROR;
				CLANG_WARN_EMPTY_BODY = YES;
				CLANG_WARN_ENUM_CONVERSION = YES;
				CLANG_WARN_INT_CONVERSION = YES;
				CLANG_WARN_OBJC_ROOT_CLASS = YES_ERROR;
				CLANG_WARN_UNREACHABLE_CODE = YES;
				CLANG_WARN__DUPLICATE_METHOD_MATCH = YES;
				"CODE_SIGN_IDENTITY[sdk=iphoneos*]" = "iPhone Developer";
				COPY_PHASE_STRIP = NO;
				DEBUG_INFORMATION_FORMAT = "dwarf-with-dsym";
				ENABLE_STRICT_OBJC_MSGSEND = YES;
				GCC_C_LANGUAGE_STANDARD = gnu99;
				GCC_DYNAMIC_NO_PIC = NO;
				GCC_NO_COMMON_BLOCKS = YES;
				GCC_OPTIMIZATION_LEVEL = 0;
				GCC_PREPROCESSOR_DEFINITIONS = (
					"DEBUG=1",
					"$(inherited)",
				);
				GCC_SYMBOLS_PRIVATE_EXTERN = NO;
				GCC_WARN_64_TO_32_BIT_CONVERSION = YES;
				GCC_WARN_ABOUT_RETURN_TYPE = YES_ERROR;
				GCC_WARN_UNDECLARED_SELECTOR = YES;
				GCC_WARN_UNINITIALIZED_AUTOS = YES_AGGRESSIVE;
				GCC_WARN_UNUSED_FUNCTION = YES;
				GCC_WARN_UNUSED_VARIABLE = YES;
				IPHONEOS_DEPLOYMENT_TARGET = 8.4;
				MTL_ENABLE_DEBUG_INFO = YES;
				ONLY_ACTIVE_ARCH = YES;
				SDKROOT = iphoneos;
				SWIFT_OPTIMIZATION_LEVEL = "-Onone";
				TARGETED_DEVICE_FAMILY = "1,2";
			};
			name = Debug;
		};
		AC1C2A5E1B536F04001688C2 /* Release */ = {
			isa = XCBuildConfiguration;
			buildSettings = {
				ALWAYS_SEARCH_USER_PATHS = NO;
				CLANG_CXX_LANGUAGE_STANDARD = "gnu++0x";
				CLANG_CXX_LIBRARY = "libc++";
				CLANG_ENABLE_MODULES = YES;
				CLANG_ENABLE_OBJC_ARC = YES;
				CLANG_WARN_BOOL_CONVERSION = YES;
				CLANG_WARN_CONSTANT_CONVERSION = YES;
				CLANG_WARN_DIRECT_OBJC_ISA_USAGE = YES_ERROR;
				CLANG_WARN_EMPTY_BODY = YES;
				CLANG_WARN_ENUM_CONVERSION = YES;
				CLANG_WARN_INT_CONVERSION = YES;
				CLANG_WARN_OBJC_ROOT_CLASS = YES_ERROR;
				CLANG_WARN_UNREACHABLE_CODE = YES;
				CLANG_WARN__DUPLICATE_METHOD_MATCH = YES;
				"CODE_SIGN_IDENTITY[sdk=iphoneos*]" = "iPhone Developer";
				COPY_PHASE_STRIP = NO;
				DEBUG_INFORMATION_FORMAT = "dwarf-with-dsym";
				ENABLE_NS_ASSERTIONS = NO;
				ENABLE_STRICT_OBJC_MSGSEND = YES;
				GCC_C_LANGUAGE_STANDARD = gnu99;
				GCC_NO_COMMON_BLOCKS = YES;
				GCC_WARN_64_TO_32_BIT_CONVERSION = YES;
				GCC_WARN_ABOUT_RETURN_TYPE = YES_ERROR;
				GCC_WARN_UNDECLARED_SELECTOR = YES;
				GCC_WARN_UNINITIALIZED_AUTOS = YES_AGGRESSIVE;
				GCC_WARN_UNUSED_FUNCTION = YES;
				GCC_WARN_UNUSED_VARIABLE = YES;
				IPHONEOS_DEPLOYMENT_TARGET = 8.4;
				MTL_ENABLE_DEBUG_INFO = NO;
				SDKROOT = iphoneos;
				TARGETED_DEVICE_FAMILY = "1,2";
				VALIDATE_PRODUCT = YES;
			};
			name = Release;
		};
		AC1C2A601B536F04001688C2 /* Debug */ = {
			isa = XCBuildConfiguration;
			buildSettings = {
				ASSETCATALOG_COMPILER_APPICON_NAME = AppIcon;
				DEFINES_MODULE = YES;
				INFOPLIST_FILE = LearnJP/Info.plist;
				LD_RUNPATH_SEARCH_PATHS = "$(inherited) @executable_path/Frameworks";
				PRODUCT_NAME = "$(TARGET_NAME)";
				SWIFT_OBJC_BRIDGING_HEADER = "$(SRCROOT)/LearnJP/LearnJP-Bridging-Header.h";
			};
			name = Debug;
		};
		AC1C2A611B536F04001688C2 /* Release */ = {
			isa = XCBuildConfiguration;
			buildSettings = {
				ASSETCATALOG_COMPILER_APPICON_NAME = AppIcon;
				DEFINES_MODULE = YES;
				INFOPLIST_FILE = LearnJP/Info.plist;
				LD_RUNPATH_SEARCH_PATHS = "$(inherited) @executable_path/Frameworks";
				PRODUCT_NAME = "$(TARGET_NAME)";
				SWIFT_OBJC_BRIDGING_HEADER = "$(SRCROOT)/LearnJP/LearnJP-Bridging-Header.h";
			};
			name = Release;
		};
		AC1C2A631B536F04001688C2 /* Debug */ = {
			isa = XCBuildConfiguration;
			buildSettings = {
				BUNDLE_LOADER = "$(TEST_HOST)";
				FRAMEWORK_SEARCH_PATHS = (
					"$(SDKROOT)/Developer/Library/Frameworks",
					"$(inherited)",
				);
				GCC_PREPROCESSOR_DEFINITIONS = (
					"DEBUG=1",
					"$(inherited)",
				);
				INFOPLIST_FILE = LearnJPTests/Info.plist;
				LD_RUNPATH_SEARCH_PATHS = "$(inherited) @executable_path/Frameworks @loader_path/Frameworks";
				PRODUCT_NAME = "$(TARGET_NAME)";
				TEST_HOST = "$(BUILT_PRODUCTS_DIR)/LearnJP.app/LearnJP";
			};
			name = Debug;
		};
		AC1C2A641B536F04001688C2 /* Release */ = {
			isa = XCBuildConfiguration;
			buildSettings = {
				BUNDLE_LOADER = "$(TEST_HOST)";
				FRAMEWORK_SEARCH_PATHS = (
					"$(SDKROOT)/Developer/Library/Frameworks",
					"$(inherited)",
				);
				INFOPLIST_FILE = LearnJPTests/Info.plist;
				LD_RUNPATH_SEARCH_PATHS = "$(inherited) @executable_path/Frameworks @loader_path/Frameworks";
				PRODUCT_NAME = "$(TARGET_NAME)";
				TEST_HOST = "$(BUILT_PRODUCTS_DIR)/LearnJP.app/LearnJP";
			};
			name = Release;
		};
/* End XCBuildConfiguration section */

/* Begin XCConfigurationList section */
		AC1C2A3B1B536F04001688C2 /* Build configuration list for PBXProject "LearnJP" */ = {
			isa = XCConfigurationList;
			buildConfigurations = (
				AC1C2A5D1B536F04001688C2 /* Debug */,
				AC1C2A5E1B536F04001688C2 /* Release */,
			);
			defaultConfigurationIsVisible = 0;
			defaultConfigurationName = Release;
		};
		AC1C2A5F1B536F04001688C2 /* Build configuration list for PBXNativeTarget "LearnJP" */ = {
			isa = XCConfigurationList;
			buildConfigurations = (
				AC1C2A601B536F04001688C2 /* Debug */,
				AC1C2A611B536F04001688C2 /* Release */,
			);
			defaultConfigurationIsVisible = 0;
			defaultConfigurationName = Release;
		};
		AC1C2A621B536F04001688C2 /* Build configuration list for PBXNativeTarget "LearnJPTests" */ = {
			isa = XCConfigurationList;
			buildConfigurations = (
				AC1C2A631B536F04001688C2 /* Debug */,
				AC1C2A641B536F04001688C2 /* Release */,
			);
			defaultConfigurationIsVisible = 0;
			defaultConfigurationName = Release;
		};
/* End XCConfigurationList section */
	};
	rootObject = AC1C2A381B536F04001688C2 /* Project object */;
}
